
Microsoft Visual Studio Solution File, Format Version 12.00
# Visual Studio Version 16
VisualStudioVersion = 16.0.30621.155
MinimumVisualStudioVersion = 10.0.40219.1
Project("{9A19103F-16F7-4668-BE54-9A1E7A4F7556}") = "MiniFigures", "MiniFigures.csproj", "{C722BDEB-BD5E-46F2-9511-42A45F835D8B}"
EndProject
Global
	GlobalSection(SolutionConfigurationPlatforms) = preSolution
		Debug|Any CPU = Debug|Any CPU
		Release|Any CPU = Release|Any CPU
	EndGlobalSection
	GlobalSection(ProjectConfigurationPlatforms) = postSolution
		{C722BDEB-BD5E-46F2-9511-42A45F835D8B}.Debug|Any CPU.ActiveCfg = Debug|Any CPU
		{C722BDEB-BD5E-46F2-9511-42A45F835D8B}.Debug|Any CPU.Build.0 = Debug|Any CPU
		{C722BDEB-BD5E-46F2-9511-42A45F835D8B}.Release|Any CPU.ActiveCfg = Release|Any CPU
		{C722BDEB-BD5E-46F2-9511-42A45F835D8B}.Release|Any CPU.Build.0 = Release|Any CPU
	EndGlobalSection
	GlobalSection(SolutionProperties) = preSolution
		HideSolutionNode = FALSE
	EndGlobalSection
	GlobalSection(ExtensibilityGlobals) = postSolution
		SolutionGuid = {556AA804-EDEC-444A-9FD0-55B5FC36EF3B}
	EndGlobalSection
EndGlobal
